
Microsoft Visual Studio Solution File, Format Version 12.00
# Visual Studio 15
VisualStudioVersion = 15.0.28307.1972
MinimumVisualStudioVersion = 10.0.40219.1
Project("{FAE04EC0-301F-11D3-BF4B-00C04F79EFBC}") = "PetShopDoBairro", "PetShopDoBairro\PetShopDoBairro.csproj", "{95612626-C51C-4E3C-A19D-6E7857E3910F}"
EndProject
Global
	GlobalSection(SolutionConfigurationPlatforms) = preSolution
		Debug|Any CPU = Debug|Any CPU
		Release|Any CPU = Release|Any CPU
	EndGlobalSection
	GlobalSection(ProjectConfigurationPlatforms) = postSolution
		{95612626-C51C-4E3C-A19D-6E7857E3910F}.Debug|Any CPU.ActiveCfg = Debug|Any CPU
		{95612626-C51C-4E3C-A19D-6E7857E3910F}.Debug|Any CPU.Build.0 = Debug|Any CPU
		{95612626-C51C-4E3C-A19D-6E7857E3910F}.Release|Any CPU.ActiveCfg = Release|Any CPU
		{95612626-C51C-4E3C-A19D-6E7857E3910F}.Release|Any CPU.Build.0 = Release|Any CPU
	EndGlobalSection
	GlobalSection(SolutionProperties) = preSolution
		HideSolutionNode = FALSE
	EndGlobalSection
	GlobalSection(ExtensibilityGlobals) = postSolution
		SolutionGuid = {F515896E-5AD5-4C7B-B173-D38DB0DA8DA6}
	EndGlobalSection
EndGlobal
